# This file is autogenerated, do not edit; changes may be undone by the next 'dep ensure'.


[[projects]]
  branch = "master"
  digest = "1:125f098c5294814b5d9ce2194f03a435c35a6208f029e61681bed9a893d68133"
  name = "github.com/alecthomas/template"
  packages = [
    ".",
    "parse",
  ]
  pruneopts = "UT"
  revision = "fb15b899a75114aa79cc930e33c46b577cc664b1"

[[projects]]
  branch = "master"
  digest = "1:9588b7aa76a6cf873adb4a30748724e8a7c553d4d62b5fc2230723b5940e2842"
  name = "github.com/alecthomas/units"
  packages = ["."]
  pruneopts = "UT"
  revision = "1786d5ef83d4868925e518b2995c30430aec0f06"

[[projects]]
  branch = "master"
  digest = "1:3a14b81b9c68a7f326622406fc3f47cd0bd0546968bb7d91de2b1ca205689c4f"
  name = "github.com/sokolovstas/gerrit-ssh"
  packages = ["."]
  pruneopts = "UT"
  revision = "b0eba31178b4cc09dffbbb6b8bfa647b67967527"

[[projects]]
  branch = "master"
  digest = "1:e53ab76a50aca3eba9826aa14b8eef4e6fc7f99e093da6a45941eff99be6745d"
  name = "golang.org/x/crypto"
  packages = [
    "blowfish",
    "chacha20",
    "curve25519",
    "ed25519",
    "ed25519/internal/edwards25519",
    "internal/subtle",
    "poly1305",
    "ssh",
    "ssh/internal/bcrypt_pbkdf",
  ]
  pruneopts = "UT"
  revision = "c8d3bf9c5392d5f66747f112cd55055d7a530b19"

[[projects]]
  branch = "master"
  digest = "1:67e13f7ae48a549e7e6846ff65a710c86ad52b42dff49dd46bc28fe996c777c2"
  name = "golang.org/x/sys"
  packages = ["cpu"]
  pruneopts = "UT"
  revision = "760e229fe7c59d73e847df06a64f6dc9b36b83d5"

[[projects]]
  digest = "1:c06d9e11d955af78ac3bbb26bd02e01d2f61f689e1a3bce2ef6fb683ef8a7f2d"
  name = "gopkg.in/alecthomas/kingpin.v2"
  packages = ["."]
  pruneopts = "UT"
  revision = "947dcec5ba9c011838740e680966fd7087a71d0d"
  version = "v2.2.6"

[solve-meta]
  analyzer-name = "dep"
  analyzer-version = 1
  input-imports = [
    "github.com/sokolovstas/gerrit-ssh",
    "gopkg.in/alecthomas/kingpin.v2",
  ]
  solver-name = "gps-cdcl"
  solver-version = 1
